
Microsoft Visual Studio Solution File, Format Version 12.00
# Visual Studio Version 16
VisualStudioVersion = 16.0.30114.105
MinimumVisualStudioVersion = 10.0.40219.1
Project("{FAE04EC0-301F-11D3-BF4B-00C04F79EFBC}") = "Bobcat", "src\Bobcat\Bobcat.csproj", "{FD7C1E35-F63C-41C9-BE97-A0074FC8E3FE}"
EndProject
Project("{FAE04EC0-301F-11D3-BF4B-00C04F79EFBC}") = "Bobcat.Tests", "src\Bobcat.Tests\Bobcat.Tests.csproj", "{12F196D6-A9BC-4CD0-8755-9F55590AF6CB}"
EndProject
Project("{FAE04EC0-301F-11D3-BF4B-00C04F79EFBC}") = "ConsolePreview", "src\ConsolePreview\ConsolePreview.csproj", "{87280248-398A-4D19-AE9B-787FBE4EB4EE}"
EndProject
Project("{2150E333-8FDC-42A3-9474-1A3956D46DE8}") = "SolutionItems", "SolutionItems", "{F10D3735-265F-4A45-8D95-EBC409ADB7DB}"
	ProjectSection(SolutionItems) = preProject
		spec-driven-development-design.md = spec-driven-development-design.md
	EndProjectSection
EndProject
Project("{2150E333-8FDC-42A3-9474-1A3956D46DE8}") = "src", "src", "{827E0CD3-B72D-47B6-A68D-7590B98EB39B}"
EndProject
Project("{FAE04EC0-301F-11D3-BF4B-00C04F79EFBC}") = "Bobcat.Generators", "src\Bobcat.Generators\Bobcat.Generators.csproj", "{99613FD0-C608-45B7-B138-CEBFB67F485C}"
EndProject
Project("{FAE04EC0-301F-11D3-BF4B-00C04F79EFBC}") = "Bobcat.Alba", "src\Bobcat.Alba\Bobcat.Alba.csproj", "{6C32FE2C-6246-40C5-A6B1-9D908AC6B91B}"
EndProject
Project("{FAE04EC0-301F-11D3-BF4B-00C04F79EFBC}") = "Bobcat.Alba.Tests", "src\Bobcat.Alba.Tests\Bobcat.Alba.Tests.csproj", "{5DA0C58B-D959-4877-BA46-A61CD63CB298}"
EndProject
Project("{FAE04EC0-301F-11D3-BF4B-00C04F79EFBC}") = "Bobcat.Wolverine", "src\Bobcat.Wolverine\Bobcat.Wolverine.csproj", "{952DC4A7-F0D2-495E-AC71-BB074BB35E58}"
EndProject
Project("{FAE04EC0-301F-11D3-BF4B-00C04F79EFBC}") = "Bobcat.Wolverine.Tests", "src\Bobcat.Wolverine.Tests\Bobcat.Wolverine.Tests.csproj", "{2882FBEE-E70F-4DEA-A408-1106D69289B8}"
EndProject
Project("{FAE04EC0-301F-11D3-BF4B-00C04F79EFBC}") = "Bobcat.Acceptance.Tests", "src\Bobcat.Acceptance.Tests\Bobcat.Acceptance.Tests.csproj", "{388218AC-8E77-4D0B-99BC-159FFB4788D1}"
EndProject
Project("{FAE04EC0-301F-11D3-BF4B-00C04F79EFBC}") = "Bobcat.Marten", "src\Bobcat.Marten\Bobcat.Marten.csproj", "{5B9096CE-8550-4B5C-B311-92414F65016D}"
EndProject
Project("{FAE04EC0-301F-11D3-BF4B-00C04F79EFBC}") = "Bobcat.Marten.Tests", "src\Bobcat.Marten.Tests\Bobcat.Marten.Tests.csproj", "{5D7599AD-7C27-46C0-9679-B56092D2478D}"
EndProject
Project("{FAE04EC0-301F-11D3-BF4B-00C04F79EFBC}") = "Bobcat.CritterStack", "src\Bobcat.CritterStack\Bobcat.CritterStack.csproj", "{272C146F-8680-496D-84B4-540FF3F9640C}"
EndProject
Project("{FAE04EC0-301F-11D3-BF4B-00C04F79EFBC}") = "Bobcat.CritterStack.Tests", "src\Bobcat.CritterStack.Tests\Bobcat.CritterStack.Tests.csproj", "{45C3D4A6-E3E8-440F-9E0B-CB50734EE9A6}"
EndProject
Project("{FAE04EC0-301F-11D3-BF4B-00C04F79EFBC}") = "Bobcat.EntityFrameworkCore", "src\Bobcat.EntityFrameworkCore\Bobcat.EntityFrameworkCore.csproj", "{BE422925-3037-42C7-B0AA-19E180FFA614}"
EndProject
Project("{FAE04EC0-301F-11D3-BF4B-00C04F79EFBC}") = "Bobcat.EntityFrameworkCore.Tests", "src\Bobcat.EntityFrameworkCore.Tests\Bobcat.EntityFrameworkCore.Tests.csproj", "{0EE1E519-56B8-465A-AB10-5402A2A264C5}"
EndProject
Project("{FAE04EC0-301F-11D3-BF4B-00C04F79EFBC}") = "Bobcat.Mtp", "src\Bobcat.Mtp\Bobcat.Mtp.csproj", "{E274EC70-7AF6-45F0-A6D3-88348A4E33A3}"
EndProject
Project("{FAE04EC0-301F-11D3-BF4B-00C04F79EFBC}") = "Bobcat.Mtp.SampleHost", "src\Bobcat.Mtp.SampleHost\Bobcat.Mtp.SampleHost.csproj", "{6C1AAAE5-5251-4839-9C16-BC597F0D626F}"
EndProject
Project("{FAE04EC0-301F-11D3-BF4B-00C04F79EFBC}") = "Bobcat.Mtp.Tests", "src\Bobcat.Mtp.Tests\Bobcat.Mtp.Tests.csproj", "{D00AF210-53FC-4578-8761-409B1CBAF568}"
EndProject
Project("{FAE04EC0-301F-11D3-BF4B-00C04F79EFBC}") = "Bobcat.Supervisor", "src\Bobcat.Supervisor\Bobcat.Supervisor.csproj", "{F71EA73D-68EC-4C9E-8C6D-5DABDED43A4E}"
EndProject
Project("{FAE04EC0-301F-11D3-BF4B-00C04F79EFBC}") = "Bobcat.Supervisor.SampleWorker", "src\Bobcat.Supervisor.SampleWorker\Bobcat.Supervisor.SampleWorker.csproj", "{23A4B24C-7823-426B-A23B-CB362B327E6C}"
EndProject
Project("{FAE04EC0-301F-11D3-BF4B-00C04F79EFBC}") = "Bobcat.Supervisor.Tests", "src\Bobcat.Supervisor.Tests\Bobcat.Supervisor.Tests.csproj", "{499E95FB-EE74-4B03-A059-C8ECC9786BAC}"
EndProject
Project("{FAE04EC0-301F-11D3-BF4B-00C04F79EFBC}") = "Bobcat.Console", "src\Bobcat.Console\Bobcat.Console.csproj", "{0F9132D4-F259-458E-BD06-2CFDD7A02BDD}"
EndProject
Project("{FAE04EC0-301F-11D3-BF4B-00C04F79EFBC}") = "Bobcat.Console.Tests", "src\Bobcat.Console.Tests\Bobcat.Console.Tests.csproj", "{C6B1D2A2-D825-4201-8B68-4B1AF8550DFB}"
EndProject
Project("{FAE04EC0-301F-11D3-BF4B-00C04F79EFBC}") = "Bobcat.Console.Specs", "src\Bobcat.Console.Specs\Bobcat.Console.Specs.csproj", "{7E8F5F5E-3F1D-4D54-9D78-16ACE514E89C}"
EndProject
Project("{FAE04EC0-301F-11D3-BF4B-00C04F79EFBC}") = "Bobcat.Alba.SampleJasperFxWeb", "src\Bobcat.Alba.SampleJasperFxWeb\Bobcat.Alba.SampleJasperFxWeb.csproj", "{4CED1FDA-A4F0-4F85-B9F1-0875533CC404}"
EndProject
Project("{FAE04EC0-301F-11D3-BF4B-00C04F79EFBC}") = "Bobcat.CodeFirst.Samples", "src\Bobcat.CodeFirst.Samples\Bobcat.CodeFirst.Samples.csproj", "{4891ADCB-19EF-4948-8D41-8CEBBB1A23F8}"
EndProject
Project("{FAE04EC0-301F-11D3-BF4B-00C04F79EFBC}") = "Bobcat.Alba.SampleWeb", "src\Bobcat.Alba.SampleWeb\Bobcat.Alba.SampleWeb.csproj", "{8BF9BB9C-5390-4E60-B817-14F12D0A4B65}"
EndProject
Project("{FAE04EC0-301F-11D3-BF4B-00C04F79EFBC}") = "Bobcat.EventModel", "src\Bobcat.EventModel\Bobcat.EventModel.csproj", "{3B66B0DB-BD0D-46EA-89D3-E020A2D2C229}"
EndProject
Project("{FAE04EC0-301F-11D3-BF4B-00C04F79EFBC}") = "Bobcat.EventModel.Tests", "src\Bobcat.EventModel.Tests\Bobcat.EventModel.Tests.csproj", "{6D2D195F-8D21-40FF-8843-311E7E1DB398}"
EndProject
Project("{FAE04EC0-301F-11D3-BF4B-00C04F79EFBC}") = "Bobcat.EventModel.Scaffolding", "src\Bobcat.EventModel.Scaffolding\Bobcat.EventModel.Scaffolding.csproj", "{5E612599-CAC4-424B-A5CB-F74AAAC3FAB6}"
EndProject
Project("{FAE04EC0-301F-11D3-BF4B-00C04F79EFBC}") = "Bobcat.EventModel.Scaffolding.Tests", "src\Bobcat.EventModel.Scaffolding.Tests\Bobcat.EventModel.Scaffolding.Tests.csproj", "{D5535003-7B70-456F-961F-EAC9289727CB}"
EndProject
Global
	GlobalSection(SolutionConfigurationPlatforms) = preSolution
		Debug|Any CPU = Debug|Any CPU
		Debug|x64 = Debug|x64
		Debug|x86 = Debug|x86
		Release|Any CPU = Release|Any CPU
		Release|x64 = Release|x64
		Release|x86 = Release|x86
	EndGlobalSection
	GlobalSection(ProjectConfigurationPlatforms) = postSolution
		{FD7C1E35-F63C-41C9-BE97-A0074FC8E3FE}.Debug|Any CPU.ActiveCfg = Debug|Any CPU
		{FD7C1E35-F63C-41C9-BE97-A0074FC8E3FE}.Debug|Any CPU.Build.0 = Debug|Any CPU
		{FD7C1E35-F63C-41C9-BE97-A0074FC8E3FE}.Debug|x64.ActiveCfg = Debug|Any CPU
		{FD7C1E35-F63C-41C9-BE97-A0074FC8E3FE}.Debug|x64.Build.0 = Debug|Any CPU
		{FD7C1E35-F63C-41C9-BE97-A0074FC8E3FE}.Debug|x86.ActiveCfg = Debug|Any CPU
		{FD7C1E35-F63C-41C9-BE97-A0074FC8E3FE}.Debug|x86.Build.0 = Debug|Any CPU
		{FD7C1E35-F63C-41C9-BE97-A0074FC8E3FE}.Release|Any CPU.ActiveCfg = Release|Any CPU
		{FD7C1E35-F63C-41C9-BE97-A0074FC8E3FE}.Release|Any CPU.Build.0 = Release|Any CPU
		{FD7C1E35-F63C-41C9-BE97-A0074FC8E3FE}.Release|x64.ActiveCfg = Release|Any CPU
		{FD7C1E35-F63C-41C9-BE97-A0074FC8E3FE}.Release|x64.Build.0 = Release|Any CPU
		{FD7C1E35-F63C-41C9-BE97-A0074FC8E3FE}.Release|x86.ActiveCfg = Release|Any CPU
		{FD7C1E35-F63C-41C9-BE97-A0074FC8E3FE}.Release|x86.Build.0 = Release|Any CPU
		{12F196D6-A9BC-4CD0-8755-9F55590AF6CB}.Debug|Any CPU.ActiveCfg = Debug|Any CPU
		{12F196D6-A9BC-4CD0-8755-9F55590AF6CB}.Debug|Any CPU.Build.0 = Debug|Any CPU
		{12F196D6-A9BC-4CD0-8755-9F55590AF6CB}.Debug|x64.ActiveCfg = Debug|Any CPU
		{12F196D6-A9BC-4CD0-8755-9F55590AF6CB}.Debug|x64.Build.0 = Debug|Any CPU
		{12F196D6-A9BC-4CD0-8755-9F55590AF6CB}.Debug|x86.ActiveCfg = Debug|Any CPU
		{12F196D6-A9BC-4CD0-8755-9F55590AF6CB}.Debug|x86.Build.0 = Debug|Any CPU
		{12F196D6-A9BC-4CD0-8755-9F55590AF6CB}.Release|Any CPU.ActiveCfg = Release|Any CPU
		{12F196D6-A9BC-4CD0-8755-9F55590AF6CB}.Release|Any CPU.Build.0 = Release|Any CPU
		{12F196D6-A9BC-4CD0-8755-9F55590AF6CB}.Release|x64.ActiveCfg = Release|Any CPU
		{12F196D6-A9BC-4CD0-8755-9F55590AF6CB}.Release|x64.Build.0 = Release|Any CPU
		{12F196D6-A9BC-4CD0-8755-9F55590AF6CB}.Release|x86.ActiveCfg = Release|Any CPU
		{12F196D6-A9BC-4CD0-8755-9F55590AF6CB}.Release|x86.Build.0 = Release|Any CPU
		{87280248-398A-4D19-AE9B-787FBE4EB4EE}.Debug|Any CPU.ActiveCfg = Debug|Any CPU
		{87280248-398A-4D19-AE9B-787FBE4EB4EE}.Debug|Any CPU.Build.0 = Debug|Any CPU
		{87280248-398A-4D19-AE9B-787FBE4EB4EE}.Debug|x64.ActiveCfg = Debug|Any CPU
		{87280248-398A-4D19-AE9B-787FBE4EB4EE}.Debug|x64.Build.0 = Debug|Any CPU
		{87280248-398A-4D19-AE9B-787FBE4EB4EE}.Debug|x86.ActiveCfg = Debug|Any CPU
		{87280248-398A-4D19-AE9B-787FBE4EB4EE}.Debug|x86.Build.0 = Debug|Any CPU
		{87280248-398A-4D19-AE9B-787FBE4EB4EE}.Release|Any CPU.ActiveCfg = Release|Any CPU
		{87280248-398A-4D19-AE9B-787FBE4EB4EE}.Release|Any CPU.Build.0 = Release|Any CPU
		{87280248-398A-4D19-AE9B-787FBE4EB4EE}.Release|x64.ActiveCfg = Release|Any CPU
		{87280248-398A-4D19-AE9B-787FBE4EB4EE}.Release|x64.Build.0 = Release|Any CPU
		{87280248-398A-4D19-AE9B-787FBE4EB4EE}.Release|x86.ActiveCfg = Release|Any CPU
		{87280248-398A-4D19-AE9B-787FBE4EB4EE}.Release|x86.Build.0 = Release|Any CPU
		{99613FD0-C608-45B7-B138-CEBFB67F485C}.Debug|Any CPU.ActiveCfg = Debug|Any CPU
		{99613FD0-C608-45B7-B138-CEBFB67F485C}.Debug|Any CPU.Build.0 = Debug|Any CPU
		{99613FD0-C608-45B7-B138-CEBFB67F485C}.Debug|x64.ActiveCfg = Debug|Any CPU
		{99613FD0-C608-45B7-B138-CEBFB67F485C}.Debug|x64.Build.0 = Debug|Any CPU
		{99613FD0-C608-45B7-B138-CEBFB67F485C}.Debug|x86.ActiveCfg = Debug|Any CPU
		{99613FD0-C608-45B7-B138-CEBFB67F485C}.Debug|x86.Build.0 = Debug|Any CPU
		{99613FD0-C608-45B7-B138-CEBFB67F485C}.Release|Any CPU.ActiveCfg = Release|Any CPU
		{99613FD0-C608-45B7-B138-CEBFB67F485C}.Release|Any CPU.Build.0 = Release|Any CPU
		{99613FD0-C608-45B7-B138-CEBFB67F485C}.Release|x64.ActiveCfg = Release|Any CPU
		{99613FD0-C608-45B7-B138-CEBFB67F485C}.Release|x64.Build.0 = Release|Any CPU
		{99613FD0-C608-45B7-B138-CEBFB67F485C}.Release|x86.ActiveCfg = Release|Any CPU
		{99613FD0-C608-45B7-B138-CEBFB67F485C}.Release|x86.Build.0 = Release|Any CPU
		{6C32FE2C-6246-40C5-A6B1-9D908AC6B91B}.Debug|Any CPU.ActiveCfg = Debug|Any CPU
		{6C32FE2C-6246-40C5-A6B1-9D908AC6B91B}.Debug|Any CPU.Build.0 = Debug|Any CPU
		{6C32FE2C-6246-40C5-A6B1-9D908AC6B91B}.Debug|x64.ActiveCfg = Debug|Any CPU
		{6C32FE2C-6246-40C5-A6B1-9D908AC6B91B}.Debug|x64.Build.0 = Debug|Any CPU
		{6C32FE2C-6246-40C5-A6B1-9D908AC6B91B}.Debug|x86.ActiveCfg = Debug|Any CPU
		{6C32FE2C-6246-40C5-A6B1-9D908AC6B91B}.Debug|x86.Build.0 = Debug|Any CPU
		{6C32FE2C-6246-40C5-A6B1-9D908AC6B91B}.Release|Any CPU.ActiveCfg = Release|Any CPU
		{6C32FE2C-6246-40C5-A6B1-9D908AC6B91B}.Release|Any CPU.Build.0 = Release|Any CPU
		{6C32FE2C-6246-40C5-A6B1-9D908AC6B91B}.Release|x64.ActiveCfg = Release|Any CPU
		{6C32FE2C-6246-40C5-A6B1-9D908AC6B91B}.Release|x64.Build.0 = Release|Any CPU
		{6C32FE2C-6246-40C5-A6B1-9D908AC6B91B}.Release|x86.ActiveCfg = Release|Any CPU
		{6C32FE2C-6246-40C5-A6B1-9D908AC6B91B}.Release|x86.Build.0 = Release|Any CPU
		{5DA0C58B-D959-4877-BA46-A61CD63CB298}.Debug|Any CPU.ActiveCfg = Debug|Any CPU
		{5DA0C58B-D959-4877-BA46-A61CD63CB298}.Debug|Any CPU.Build.0 = Debug|Any CPU
		{5DA0C58B-D959-4877-BA46-A61CD63CB298}.Debug|x64.ActiveCfg = Debug|Any CPU
		{5DA0C58B-D959-4877-BA46-A61CD63CB298}.Debug|x64.Build.0 = Debug|Any CPU
		{5DA0C58B-D959-4877-BA46-A61CD63CB298}.Debug|x86.ActiveCfg = Debug|Any CPU
		{5DA0C58B-D959-4877-BA46-A61CD63CB298}.Debug|x86.Build.0 = Debug|Any CPU
		{5DA0C58B-D959-4877-BA46-A61CD63CB298}.Release|Any CPU.ActiveCfg = Release|Any CPU
		{5DA0C58B-D959-4877-BA46-A61CD63CB298}.Release|Any CPU.Build.0 = Release|Any CPU
		{5DA0C58B-D959-4877-BA46-A61CD63CB298}.Release|x64.ActiveCfg = Release|Any CPU
		{5DA0C58B-D959-4877-BA46-A61CD63CB298}.Release|x64.Build.0 = Release|Any CPU
		{5DA0C58B-D959-4877-BA46-A61CD63CB298}.Release|x86.ActiveCfg = Release|Any CPU
		{5DA0C58B-D959-4877-BA46-A61CD63CB298}.Release|x86.Build.0 = Release|Any CPU
		{952DC4A7-F0D2-495E-AC71-BB074BB35E58}.Debug|Any CPU.ActiveCfg = Debug|Any CPU
		{952DC4A7-F0D2-495E-AC71-BB074BB35E58}.Debug|Any CPU.Build.0 = Debug|Any CPU
		{952DC4A7-F0D2-495E-AC71-BB074BB35E58}.Debug|x64.ActiveCfg = Debug|Any CPU
		{952DC4A7-F0D2-495E-AC71-BB074BB35E58}.Debug|x64.Build.0 = Debug|Any CPU
		{952DC4A7-F0D2-495E-AC71-BB074BB35E58}.Debug|x86.ActiveCfg = Debug|Any CPU
		{952DC4A7-F0D2-495E-AC71-BB074BB35E58}.Debug|x86.Build.0 = Debug|Any CPU
		{952DC4A7-F0D2-495E-AC71-BB074BB35E58}.Release|Any CPU.ActiveCfg = Release|Any CPU
		{952DC4A7-F0D2-495E-AC71-BB074BB35E58}.Release|Any CPU.Build.0 = Release|Any CPU
		{952DC4A7-F0D2-495E-AC71-BB074BB35E58}.Release|x64.ActiveCfg = Release|Any CPU
		{952DC4A7-F0D2-495E-AC71-BB074BB35E58}.Release|x64.Build.0 = Release|Any CPU
		{952DC4A7-F0D2-495E-AC71-BB074BB35E58}.Release|x86.ActiveCfg = Release|Any CPU
		{952DC4A7-F0D2-495E-AC71-BB074BB35E58}.Release|x86.Build.0 = Release|Any CPU
		{2882FBEE-E70F-4DEA-A408-1106D69289B8}.Debug|Any CPU.ActiveCfg = Debug|Any CPU
		{2882FBEE-E70F-4DEA-A408-1106D69289B8}.Debug|Any CPU.Build.0 = Debug|Any CPU
		{2882FBEE-E70F-4DEA-A408-1106D69289B8}.Debug|x64.ActiveCfg = Debug|Any CPU
		{2882FBEE-E70F-4DEA-A408-1106D69289B8}.Debug|x64.Build.0 = Debug|Any CPU
		{2882FBEE-E70F-4DEA-A408-1106D69289B8}.Debug|x86.ActiveCfg = Debug|Any CPU
		{2882FBEE-E70F-4DEA-A408-1106D69289B8}.Debug|x86.Build.0 = Debug|Any CPU
		{2882FBEE-E70F-4DEA-A408-1106D69289B8}.Release|Any CPU.ActiveCfg = Release|Any CPU
		{2882FBEE-E70F-4DEA-A408-1106D69289B8}.Release|Any CPU.Build.0 = Release|Any CPU
		{2882FBEE-E70F-4DEA-A408-1106D69289B8}.Release|x64.ActiveCfg = Release|Any CPU
		{2882FBEE-E70F-4DEA-A408-1106D69289B8}.Release|x64.Build.0 = Release|Any CPU
		{2882FBEE-E70F-4DEA-A408-1106D69289B8}.Release|x86.ActiveCfg = Release|Any CPU
		{2882FBEE-E70F-4DEA-A408-1106D69289B8}.Release|x86.Build.0 = Release|Any CPU
		{388218AC-8E77-4D0B-99BC-159FFB4788D1}.Debug|Any CPU.ActiveCfg = Debug|Any CPU
		{388218AC-8E77-4D0B-99BC-159FFB4788D1}.Debug|Any CPU.Build.0 = Debug|Any CPU
		{388218AC-8E77-4D0B-99BC-159FFB4788D1}.Debug|x64.ActiveCfg = Debug|Any CPU
		{388218AC-8E77-4D0B-99BC-159FFB4788D1}.Debug|x64.Build.0 = Debug|Any CPU
		{388218AC-8E77-4D0B-99BC-159FFB4788D1}.Debug|x86.ActiveCfg = Debug|Any CPU
		{388218AC-8E77-4D0B-99BC-159FFB4788D1}.Debug|x86.Build.0 = Debug|Any CPU
		{388218AC-8E77-4D0B-99BC-159FFB4788D1}.Release|Any CPU.ActiveCfg = Release|Any CPU
		{388218AC-8E77-4D0B-99BC-159FFB4788D1}.Release|Any CPU.Build.0 = Release|Any CPU
		{388218AC-8E77-4D0B-99BC-159FFB4788D1}.Release|x64.ActiveCfg = Release|Any CPU
		{388218AC-8E77-4D0B-99BC-159FFB4788D1}.Release|x64.Build.0 = Release|Any CPU
		{388218AC-8E77-4D0B-99BC-159FFB4788D1}.Release|x86.ActiveCfg = Release|Any CPU
		{388218AC-8E77-4D0B-99BC-159FFB4788D1}.Release|x86.Build.0 = Release|Any CPU
		{5B9096CE-8550-4B5C-B311-92414F65016D}.Debug|Any CPU.ActiveCfg = Debug|Any CPU
		{5B9096CE-8550-4B5C-B311-92414F65016D}.Debug|Any CPU.Build.0 = Debug|Any CPU
		{5B9096CE-8550-4B5C-B311-92414F65016D}.Debug|x64.ActiveCfg = Debug|Any CPU
		{5B9096CE-8550-4B5C-B311-92414F65016D}.Debug|x64.Build.0 = Debug|Any CPU
		{5B9096CE-8550-4B5C-B311-92414F65016D}.Debug|x86.ActiveCfg = Debug|Any CPU
		{5B9096CE-8550-4B5C-B311-92414F65016D}.Debug|x86.Build.0 = Debug|Any CPU
		{5B9096CE-8550-4B5C-B311-92414F65016D}.Release|Any CPU.ActiveCfg = Release|Any CPU
		{5B9096CE-8550-4B5C-B311-92414F65016D}.Release|Any CPU.Build.0 = Release|Any CPU
		{5B9096CE-8550-4B5C-B311-92414F65016D}.Release|x64.ActiveCfg = Release|Any CPU
		{5B9096CE-8550-4B5C-B311-92414F65016D}.Release|x64.Build.0 = Release|Any CPU
		{5B9096CE-8550-4B5C-B311-92414F65016D}.Release|x86.ActiveCfg = Release|Any CPU
		{5B9096CE-8550-4B5C-B311-92414F65016D}.Release|x86.Build.0 = Release|Any CPU
		{5D7599AD-7C27-46C0-9679-B56092D2478D}.Debug|Any CPU.ActiveCfg = Debug|Any CPU
		{5D7599AD-7C27-46C0-9679-B56092D2478D}.Debug|Any CPU.Build.0 = Debug|Any CPU
		{5D7599AD-7C27-46C0-9679-B56092D2478D}.Debug|x64.ActiveCfg = Debug|Any CPU
		{5D7599AD-7C27-46C0-9679-B56092D2478D}.Debug|x64.Build.0 = Debug|Any CPU
		{5D7599AD-7C27-46C0-9679-B56092D2478D}.Debug|x86.ActiveCfg = Debug|Any CPU
		{5D7599AD-7C27-46C0-9679-B56092D2478D}.Debug|x86.Build.0 = Debug|Any CPU
		{5D7599AD-7C27-46C0-9679-B56092D2478D}.Release|Any CPU.ActiveCfg = Release|Any CPU
		{5D7599AD-7C27-46C0-9679-B56092D2478D}.Release|Any CPU.Build.0 = Release|Any CPU
		{5D7599AD-7C27-46C0-9679-B56092D2478D}.Release|x64.ActiveCfg = Release|Any CPU
		{5D7599AD-7C27-46C0-9679-B56092D2478D}.Release|x64.Build.0 = Release|Any CPU
		{5D7599AD-7C27-46C0-9679-B56092D2478D}.Release|x86.ActiveCfg = Release|Any CPU
		{5D7599AD-7C27-46C0-9679-B56092D2478D}.Release|x86.Build.0 = Release|Any CPU
		{272C146F-8680-496D-84B4-540FF3F9640C}.Debug|Any CPU.ActiveCfg = Debug|Any CPU
		{272C146F-8680-496D-84B4-540FF3F9640C}.Debug|Any CPU.Build.0 = Debug|Any CPU
		{272C146F-8680-496D-84B4-540FF3F9640C}.Debug|x64.ActiveCfg = Debug|Any CPU
		{272C146F-8680-496D-84B4-540FF3F9640C}.Debug|x64.Build.0 = Debug|Any CPU
		{272C146F-8680-496D-84B4-540FF3F9640C}.Debug|x86.ActiveCfg = Debug|Any CPU
		{272C146F-8680-496D-84B4-540FF3F9640C}.Debug|x86.Build.0 = Debug|Any CPU
		{272C146F-8680-496D-84B4-540FF3F9640C}.Release|Any CPU.ActiveCfg = Release|Any CPU
		{272C146F-8680-496D-84B4-540FF3F9640C}.Release|Any CPU.Build.0 = Release|Any CPU
		{272C146F-8680-496D-84B4-540FF3F9640C}.Release|x64.ActiveCfg = Release|Any CPU
		{272C146F-8680-496D-84B4-540FF3F9640C}.Release|x64.Build.0 = Release|Any CPU
		{272C146F-8680-496D-84B4-540FF3F9640C}.Release|x86.ActiveCfg = Release|Any CPU
		{272C146F-8680-496D-84B4-540FF3F9640C}.Release|x86.Build.0 = Release|Any CPU
		{45C3D4A6-E3E8-440F-9E0B-CB50734EE9A6}.Debug|Any CPU.ActiveCfg = Debug|Any CPU
		{45C3D4A6-E3E8-440F-9E0B-CB50734EE9A6}.Debug|Any CPU.Build.0 = Debug|Any CPU
		{45C3D4A6-E3E8-440F-9E0B-CB50734EE9A6}.Debug|x64.ActiveCfg = Debug|Any CPU
		{45C3D4A6-E3E8-440F-9E0B-CB50734EE9A6}.Debug|x64.Build.0 = Debug|Any CPU
		{45C3D4A6-E3E8-440F-9E0B-CB50734EE9A6}.Debug|x86.ActiveCfg = Debug|Any CPU
		{45C3D4A6-E3E8-440F-9E0B-CB50734EE9A6}.Debug|x86.Build.0 = Debug|Any CPU
		{45C3D4A6-E3E8-440F-9E0B-CB50734EE9A6}.Release|Any CPU.ActiveCfg = Release|Any CPU
		{45C3D4A6-E3E8-440F-9E0B-CB50734EE9A6}.Release|Any CPU.Build.0 = Release|Any CPU
		{45C3D4A6-E3E8-440F-9E0B-CB50734EE9A6}.Release|x64.ActiveCfg = Release|Any CPU
		{45C3D4A6-E3E8-440F-9E0B-CB50734EE9A6}.Release|x64.Build.0 = Release|Any CPU
		{45C3D4A6-E3E8-440F-9E0B-CB50734EE9A6}.Release|x86.ActiveCfg = Release|Any CPU
		{45C3D4A6-E3E8-440F-9E0B-CB50734EE9A6}.Release|x86.Build.0 = Release|Any CPU
		{BE422925-3037-42C7-B0AA-19E180FFA614}.Debug|Any CPU.ActiveCfg = Debug|Any CPU
		{BE422925-3037-42C7-B0AA-19E180FFA614}.Debug|Any CPU.Build.0 = Debug|Any CPU
		{BE422925-3037-42C7-B0AA-19E180FFA614}.Debug|x64.ActiveCfg = Debug|Any CPU
		{BE422925-3037-42C7-B0AA-19E180FFA614}.Debug|x64.Build.0 = Debug|Any CPU
		{BE422925-3037-42C7-B0AA-19E180FFA614}.Debug|x86.ActiveCfg = Debug|Any CPU
		{BE422925-3037-42C7-B0AA-19E180FFA614}.Debug|x86.Build.0 = Debug|Any CPU
		{BE422925-3037-42C7-B0AA-19E180FFA614}.Release|Any CPU.ActiveCfg = Release|Any CPU
		{BE422925-3037-42C7-B0AA-19E180FFA614}.Release|Any CPU.Build.0 = Release|Any CPU
		{BE422925-3037-42C7-B0AA-19E180FFA614}.Release|x64.ActiveCfg = Release|Any CPU
		{BE422925-3037-42C7-B0AA-19E180FFA614}.Release|x64.Build.0 = Release|Any CPU
		{BE422925-3037-42C7-B0AA-19E180FFA614}.Release|x86.ActiveCfg = Release|Any CPU
		{BE422925-3037-42C7-B0AA-19E180FFA614}.Release|x86.Build.0 = Release|Any CPU
		{0EE1E519-56B8-465A-AB10-5402A2A264C5}.Debug|Any CPU.ActiveCfg = Debug|Any CPU
		{0EE1E519-56B8-465A-AB10-5402A2A264C5}.Debug|Any CPU.Build.0 = Debug|Any CPU
		{0EE1E519-56B8-465A-AB10-5402A2A264C5}.Debug|x64.ActiveCfg = Debug|Any CPU
		{0EE1E519-56B8-465A-AB10-5402A2A264C5}.Debug|x64.Build.0 = Debug|Any CPU
		{0EE1E519-56B8-465A-AB10-5402A2A264C5}.Debug|x86.ActiveCfg = Debug|Any CPU
		{0EE1E519-56B8-465A-AB10-5402A2A264C5}.Debug|x86.Build.0 = Debug|Any CPU
		{0EE1E519-56B8-465A-AB10-5402A2A264C5}.Release|Any CPU.ActiveCfg = Release|Any CPU
		{0EE1E519-56B8-465A-AB10-5402A2A264C5}.Release|Any CPU.Build.0 = Release|Any CPU
		{0EE1E519-56B8-465A-AB10-5402A2A264C5}.Release|x64.ActiveCfg = Release|Any CPU
		{0EE1E519-56B8-465A-AB10-5402A2A264C5}.Release|x64.Build.0 = Release|Any CPU
		{0EE1E519-56B8-465A-AB10-5402A2A264C5}.Release|x86.ActiveCfg = Release|Any CPU
		{0EE1E519-56B8-465A-AB10-5402A2A264C5}.Release|x86.Build.0 = Release|Any CPU
		{E274EC70-7AF6-45F0-A6D3-88348A4E33A3}.Debug|Any CPU.ActiveCfg = Debug|Any CPU
		{E274EC70-7AF6-45F0-A6D3-88348A4E33A3}.Debug|Any CPU.Build.0 = Debug|Any CPU
		{E274EC70-7AF6-45F0-A6D3-88348A4E33A3}.Debug|x64.ActiveCfg = Debug|Any CPU
		{E274EC70-7AF6-45F0-A6D3-88348A4E33A3}.Debug|x64.Build.0 = Debug|Any CPU
		{E274EC70-7AF6-45F0-A6D3-88348A4E33A3}.Debug|x86.ActiveCfg = Debug|Any CPU
		{E274EC70-7AF6-45F0-A6D3-88348A4E33A3}.Debug|x86.Build.0 = Debug|Any CPU
		{E274EC70-7AF6-45F0-A6D3-88348A4E33A3}.Release|Any CPU.ActiveCfg = Release|Any CPU
		{E274EC70-7AF6-45F0-A6D3-88348A4E33A3}.Release|Any CPU.Build.0 = Release|Any CPU
		{E274EC70-7AF6-45F0-A6D3-88348A4E33A3}.Release|x64.ActiveCfg = Release|Any CPU
		{E274EC70-7AF6-45F0-A6D3-88348A4E33A3}.Release|x64.Build.0 = Release|Any CPU
		{E274EC70-7AF6-45F0-A6D3-88348A4E33A3}.Release|x86.ActiveCfg = Release|Any CPU
		{E274EC70-7AF6-45F0-A6D3-88348A4E33A3}.Release|x86.Build.0 = Release|Any CPU
		{6C1AAAE5-5251-4839-9C16-BC597F0D626F}.Debug|Any CPU.ActiveCfg = Debug|Any CPU
		{6C1AAAE5-5251-4839-9C16-BC597F0D626F}.Debug|Any CPU.Build.0 = Debug|Any CPU
		{6C1AAAE5-5251-4839-9C16-BC597F0D626F}.Debug|x64.ActiveCfg = Debug|Any CPU
		{6C1AAAE5-5251-4839-9C16-BC597F0D626F}.Debug|x64.Build.0 = Debug|Any CPU
		{6C1AAAE5-5251-4839-9C16-BC597F0D626F}.Debug|x86.ActiveCfg = Debug|Any CPU
		{6C1AAAE5-5251-4839-9C16-BC597F0D626F}.Debug|x86.Build.0 = Debug|Any CPU
		{6C1AAAE5-5251-4839-9C16-BC597F0D626F}.Release|Any CPU.ActiveCfg = Release|Any CPU
		{6C1AAAE5-5251-4839-9C16-BC597F0D626F}.Release|Any CPU.Build.0 = Release|Any CPU
		{6C1AAAE5-5251-4839-9C16-BC597F0D626F}.Release|x64.ActiveCfg = Release|Any CPU
		{6C1AAAE5-5251-4839-9C16-BC597F0D626F}.Release|x64.Build.0 = Release|Any CPU
		{6C1AAAE5-5251-4839-9C16-BC597F0D626F}.Release|x86.ActiveCfg = Release|Any CPU
		{6C1AAAE5-5251-4839-9C16-BC597F0D626F}.Release|x86.Build.0 = Release|Any CPU
		{D00AF210-53FC-4578-8761-409B1CBAF568}.Debug|Any CPU.ActiveCfg = Debug|Any CPU
		{D00AF210-53FC-4578-8761-409B1CBAF568}.Debug|Any CPU.Build.0 = Debug|Any CPU
		{D00AF210-53FC-4578-8761-409B1CBAF568}.Debug|x64.ActiveCfg = Debug|Any CPU
		{D00AF210-53FC-4578-8761-409B1CBAF568}.Debug|x64.Build.0 = Debug|Any CPU
		{D00AF210-53FC-4578-8761-409B1CBAF568}.Debug|x86.ActiveCfg = Debug|Any CPU
		{D00AF210-53FC-4578-8761-409B1CBAF568}.Debug|x86.Build.0 = Debug|Any CPU
		{D00AF210-53FC-4578-8761-409B1CBAF568}.Release|Any CPU.ActiveCfg = Release|Any CPU
		{D00AF210-53FC-4578-8761-409B1CBAF568}.Release|Any CPU.Build.0 = Release|Any CPU
		{D00AF210-53FC-4578-8761-409B1CBAF568}.Release|x64.ActiveCfg = Release|Any CPU
		{D00AF210-53FC-4578-8761-409B1CBAF568}.Release|x64.Build.0 = Release|Any CPU
		{D00AF210-53FC-4578-8761-409B1CBAF568}.Release|x86.ActiveCfg = Release|Any CPU
		{D00AF210-53FC-4578-8761-409B1CBAF568}.Release|x86.Build.0 = Release|Any CPU
		{F71EA73D-68EC-4C9E-8C6D-5DABDED43A4E}.Debug|Any CPU.ActiveCfg = Debug|Any CPU
		{F71EA73D-68EC-4C9E-8C6D-5DABDED43A4E}.Debug|Any CPU.Build.0 = Debug|Any CPU
		{F71EA73D-68EC-4C9E-8C6D-5DABDED43A4E}.Debug|x64.ActiveCfg = Debug|Any CPU
		{F71EA73D-68EC-4C9E-8C6D-5DABDED43A4E}.Debug|x64.Build.0 = Debug|Any CPU
		{F71EA73D-68EC-4C9E-8C6D-5DABDED43A4E}.Debug|x86.ActiveCfg = Debug|Any CPU
		{F71EA73D-68EC-4C9E-8C6D-5DABDED43A4E}.Debug|x86.Build.0 = Debug|Any CPU
		{F71EA73D-68EC-4C9E-8C6D-5DABDED43A4E}.Release|Any CPU.ActiveCfg = Release|Any CPU
		{F71EA73D-68EC-4C9E-8C6D-5DABDED43A4E}.Release|Any CPU.Build.0 = Release|Any CPU
		{F71EA73D-68EC-4C9E-8C6D-5DABDED43A4E}.Release|x64.ActiveCfg = Release|Any CPU
		{F71EA73D-68EC-4C9E-8C6D-5DABDED43A4E}.Release|x64.Build.0 = Release|Any CPU
		{F71EA73D-68EC-4C9E-8C6D-5DABDED43A4E}.Release|x86.ActiveCfg = Release|Any CPU
		{F71EA73D-68EC-4C9E-8C6D-5DABDED43A4E}.Release|x86.Build.0 = Release|Any CPU
		{23A4B24C-7823-426B-A23B-CB362B327E6C}.Debug|Any CPU.ActiveCfg = Debug|Any CPU
		{23A4B24C-7823-426B-A23B-CB362B327E6C}.Debug|Any CPU.Build.0 = Debug|Any CPU
		{23A4B24C-7823-426B-A23B-CB362B327E6C}.Debug|x64.ActiveCfg = Debug|Any CPU
		{23A4B24C-7823-426B-A23B-CB362B327E6C}.Debug|x64.Build.0 = Debug|Any CPU
		{23A4B24C-7823-426B-A23B-CB362B327E6C}.Debug|x86.ActiveCfg = Debug|Any CPU
		{23A4B24C-7823-426B-A23B-CB362B327E6C}.Debug|x86.Build.0 = Debug|Any CPU
		{23A4B24C-7823-426B-A23B-CB362B327E6C}.Release|Any CPU.ActiveCfg = Release|Any CPU
		{23A4B24C-7823-426B-A23B-CB362B327E6C}.Release|Any CPU.Build.0 = Release|Any CPU
		{23A4B24C-7823-426B-A23B-CB362B327E6C}.Release|x64.ActiveCfg = Release|Any CPU
		{23A4B24C-7823-426B-A23B-CB362B327E6C}.Release|x64.Build.0 = Release|Any CPU
		{23A4B24C-7823-426B-A23B-CB362B327E6C}.Release|x86.ActiveCfg = Release|Any CPU
		{23A4B24C-7823-426B-A23B-CB362B327E6C}.Release|x86.Build.0 = Release|Any CPU
		{499E95FB-EE74-4B03-A059-C8ECC9786BAC}.Debug|Any CPU.ActiveCfg = Debug|Any CPU
		{499E95FB-EE74-4B03-A059-C8ECC9786BAC}.Debug|Any CPU.Build.0 = Debug|Any CPU
		{499E95FB-EE74-4B03-A059-C8ECC9786BAC}.Debug|x64.ActiveCfg = Debug|Any CPU
		{499E95FB-EE74-4B03-A059-C8ECC9786BAC}.Debug|x64.Build.0 = Debug|Any CPU
		{499E95FB-EE74-4B03-A059-C8ECC9786BAC}.Debug|x86.ActiveCfg = Debug|Any CPU
		{499E95FB-EE74-4B03-A059-C8ECC9786BAC}.Debug|x86.Build.0 = Debug|Any CPU
		{499E95FB-EE74-4B03-A059-C8ECC9786BAC}.Release|Any CPU.ActiveCfg = Release|Any CPU
		{499E95FB-EE74-4B03-A059-C8ECC9786BAC}.Release|Any CPU.Build.0 = Release|Any CPU
		{499E95FB-EE74-4B03-A059-C8ECC9786BAC}.Release|x64.ActiveCfg = Release|Any CPU
		{499E95FB-EE74-4B03-A059-C8ECC9786BAC}.Release|x64.Build.0 = Release|Any CPU
		{499E95FB-EE74-4B03-A059-C8ECC9786BAC}.Release|x86.ActiveCfg = Release|Any CPU
		{499E95FB-EE74-4B03-A059-C8ECC9786BAC}.Release|x86.Build.0 = Release|Any CPU
		{0F9132D4-F259-458E-BD06-2CFDD7A02BDD}.Debug|Any CPU.ActiveCfg = Debug|Any CPU
		{0F9132D4-F259-458E-BD06-2CFDD7A02BDD}.Debug|Any CPU.Build.0 = Debug|Any CPU
		{0F9132D4-F259-458E-BD06-2CFDD7A02BDD}.Debug|x64.ActiveCfg = Debug|Any CPU
		{0F9132D4-F259-458E-BD06-2CFDD7A02BDD}.Debug|x64.Build.0 = Debug|Any CPU
		{0F9132D4-F259-458E-BD06-2CFDD7A02BDD}.Debug|x86.ActiveCfg = Debug|Any CPU
		{0F9132D4-F259-458E-BD06-2CFDD7A02BDD}.Debug|x86.Build.0 = Debug|Any CPU
		{0F9132D4-F259-458E-BD06-2CFDD7A02BDD}.Release|Any CPU.ActiveCfg = Release|Any CPU
		{0F9132D4-F259-458E-BD06-2CFDD7A02BDD}.Release|Any CPU.Build.0 = Release|Any CPU
		{0F9132D4-F259-458E-BD06-2CFDD7A02BDD}.Release|x64.ActiveCfg = Release|Any CPU
		{0F9132D4-F259-458E-BD06-2CFDD7A02BDD}.Release|x64.Build.0 = Release|Any CPU
		{0F9132D4-F259-458E-BD06-2CFDD7A02BDD}.Release|x86.ActiveCfg = Release|Any CPU
		{0F9132D4-F259-458E-BD06-2CFDD7A02BDD}.Release|x86.Build.0 = Release|Any CPU
		{C6B1D2A2-D825-4201-8B68-4B1AF8550DFB}.Debug|Any CPU.ActiveCfg = Debug|Any CPU
		{C6B1D2A2-D825-4201-8B68-4B1AF8550DFB}.Debug|Any CPU.Build.0 = Debug|Any CPU
		{C6B1D2A2-D825-4201-8B68-4B1AF8550DFB}.Debug|x64.ActiveCfg = Debug|Any CPU
		{C6B1D2A2-D825-4201-8B68-4B1AF8550DFB}.Debug|x64.Build.0 = Debug|Any CPU
		{C6B1D2A2-D825-4201-8B68-4B1AF8550DFB}.Debug|x86.ActiveCfg = Debug|Any CPU
		{C6B1D2A2-D825-4201-8B68-4B1AF8550DFB}.Debug|x86.Build.0 = Debug|Any CPU
		{C6B1D2A2-D825-4201-8B68-4B1AF8550DFB}.Release|Any CPU.ActiveCfg = Release|Any CPU
		{C6B1D2A2-D825-4201-8B68-4B1AF8550DFB}.Release|Any CPU.Build.0 = Release|Any CPU
		{C6B1D2A2-D825-4201-8B68-4B1AF8550DFB}.Release|x64.ActiveCfg = Release|Any CPU
		{C6B1D2A2-D825-4201-8B68-4B1AF8550DFB}.Release|x64.Build.0 = Release|Any CPU
		{C6B1D2A2-D825-4201-8B68-4B1AF8550DFB}.Release|x86.ActiveCfg = Release|Any CPU
		{C6B1D2A2-D825-4201-8B68-4B1AF8550DFB}.Release|x86.Build.0 = Release|Any CPU
		{7E8F5F5E-3F1D-4D54-9D78-16ACE514E89C}.Debug|Any CPU.ActiveCfg = Debug|Any CPU
		{7E8F5F5E-3F1D-4D54-9D78-16ACE514E89C}.Debug|Any CPU.Build.0 = Debug|Any CPU
		{7E8F5F5E-3F1D-4D54-9D78-16ACE514E89C}.Debug|x64.ActiveCfg = Debug|Any CPU
		{7E8F5F5E-3F1D-4D54-9D78-16ACE514E89C}.Debug|x64.Build.0 = Debug|Any CPU
		{7E8F5F5E-3F1D-4D54-9D78-16ACE514E89C}.Debug|x86.ActiveCfg = Debug|Any CPU
		{7E8F5F5E-3F1D-4D54-9D78-16ACE514E89C}.Debug|x86.Build.0 = Debug|Any CPU
		{7E8F5F5E-3F1D-4D54-9D78-16ACE514E89C}.Release|Any CPU.ActiveCfg = Release|Any CPU
		{7E8F5F5E-3F1D-4D54-9D78-16ACE514E89C}.Release|Any CPU.Build.0 = Release|Any CPU
		{7E8F5F5E-3F1D-4D54-9D78-16ACE514E89C}.Release|x64.ActiveCfg = Release|Any CPU
		{7E8F5F5E-3F1D-4D54-9D78-16ACE514E89C}.Release|x64.Build.0 = Release|Any CPU
		{7E8F5F5E-3F1D-4D54-9D78-16ACE514E89C}.Release|x86.ActiveCfg = Release|Any CPU
		{7E8F5F5E-3F1D-4D54-9D78-16ACE514E89C}.Release|x86.Build.0 = Release|Any CPU
		{4CED1FDA-A4F0-4F85-B9F1-0875533CC404}.Debug|Any CPU.ActiveCfg = Debug|Any CPU
		{4CED1FDA-A4F0-4F85-B9F1-0875533CC404}.Debug|Any CPU.Build.0 = Debug|Any CPU
		{4CED1FDA-A4F0-4F85-B9F1-0875533CC404}.Debug|x64.ActiveCfg = Debug|Any CPU
		{4CED1FDA-A4F0-4F85-B9F1-0875533CC404}.Debug|x64.Build.0 = Debug|Any CPU
		{4CED1FDA-A4F0-4F85-B9F1-0875533CC404}.Debug|x86.ActiveCfg = Debug|Any CPU
		{4CED1FDA-A4F0-4F85-B9F1-0875533CC404}.Debug|x86.Build.0 = Debug|Any CPU
		{4CED1FDA-A4F0-4F85-B9F1-0875533CC404}.Release|Any CPU.ActiveCfg = Release|Any CPU
		{4CED1FDA-A4F0-4F85-B9F1-0875533CC404}.Release|Any CPU.Build.0 = Release|Any CPU
		{4CED1FDA-A4F0-4F85-B9F1-0875533CC404}.Release|x64.ActiveCfg = Release|Any CPU
		{4CED1FDA-A4F0-4F85-B9F1-0875533CC404}.Release|x64.Build.0 = Release|Any CPU
		{4CED1FDA-A4F0-4F85-B9F1-0875533CC404}.Release|x86.ActiveCfg = Release|Any CPU
		{4CED1FDA-A4F0-4F85-B9F1-0875533CC404}.Release|x86.Build.0 = Release|Any CPU
		{4891ADCB-19EF-4948-8D41-8CEBBB1A23F8}.Debug|Any CPU.ActiveCfg = Debug|Any CPU
		{4891ADCB-19EF-4948-8D41-8CEBBB1A23F8}.Debug|Any CPU.Build.0 = Debug|Any CPU
		{4891ADCB-19EF-4948-8D41-8CEBBB1A23F8}.Debug|x64.ActiveCfg = Debug|Any CPU
		{4891ADCB-19EF-4948-8D41-8CEBBB1A23F8}.Debug|x64.Build.0 = Debug|Any CPU
		{4891ADCB-19EF-4948-8D41-8CEBBB1A23F8}.Debug|x86.ActiveCfg = Debug|Any CPU
		{4891ADCB-19EF-4948-8D41-8CEBBB1A23F8}.Debug|x86.Build.0 = Debug|Any CPU
		{4891ADCB-19EF-4948-8D41-8CEBBB1A23F8}.Release|Any CPU.ActiveCfg = Release|Any CPU
		{4891ADCB-19EF-4948-8D41-8CEBBB1A23F8}.Release|Any CPU.Build.0 = Release|Any CPU
		{4891ADCB-19EF-4948-8D41-8CEBBB1A23F8}.Release|x64.ActiveCfg = Release|Any CPU
		{4891ADCB-19EF-4948-8D41-8CEBBB1A23F8}.Release|x64.Build.0 = Release|Any CPU
		{4891ADCB-19EF-4948-8D41-8CEBBB1A23F8}.Release|x86.ActiveCfg = Release|Any CPU
		{4891ADCB-19EF-4948-8D41-8CEBBB1A23F8}.Release|x86.Build.0 = Release|Any CPU
		{8BF9BB9C-5390-4E60-B817-14F12D0A4B65}.Debug|Any CPU.ActiveCfg = Debug|Any CPU
		{8BF9BB9C-5390-4E60-B817-14F12D0A4B65}.Debug|Any CPU.Build.0 = Debug|Any CPU
		{8BF9BB9C-5390-4E60-B817-14F12D0A4B65}.Debug|x64.ActiveCfg = Debug|Any CPU
		{8BF9BB9C-5390-4E60-B817-14F12D0A4B65}.Debug|x64.Build.0 = Debug|Any CPU
		{8BF9BB9C-5390-4E60-B817-14F12D0A4B65}.Debug|x86.ActiveCfg = Debug|Any CPU
		{8BF9BB9C-5390-4E60-B817-14F12D0A4B65}.Debug|x86.Build.0 = Debug|Any CPU
		{8BF9BB9C-5390-4E60-B817-14F12D0A4B65}.Release|Any CPU.ActiveCfg = Release|Any CPU
		{8BF9BB9C-5390-4E60-B817-14F12D0A4B65}.Release|Any CPU.Build.0 = Release|Any CPU
		{8BF9BB9C-5390-4E60-B817-14F12D0A4B65}.Release|x64.ActiveCfg = Release|Any CPU
		{8BF9BB9C-5390-4E60-B817-14F12D0A4B65}.Release|x64.Build.0 = Release|Any CPU
		{8BF9BB9C-5390-4E60-B817-14F12D0A4B65}.Release|x86.ActiveCfg = Release|Any CPU
		{8BF9BB9C-5390-4E60-B817-14F12D0A4B65}.Release|x86.Build.0 = Release|Any CPU
		{3B66B0DB-BD0D-46EA-89D3-E020A2D2C229}.Debug|Any CPU.ActiveCfg = Debug|Any CPU
		{3B66B0DB-BD0D-46EA-89D3-E020A2D2C229}.Debug|Any CPU.Build.0 = Debug|Any CPU
		{3B66B0DB-BD0D-46EA-89D3-E020A2D2C229}.Debug|x64.ActiveCfg = Debug|Any CPU
		{3B66B0DB-BD0D-46EA-89D3-E020A2D2C229}.Debug|x64.Build.0 = Debug|Any CPU
		{3B66B0DB-BD0D-46EA-89D3-E020A2D2C229}.Debug|x86.ActiveCfg = Debug|Any CPU
		{3B66B0DB-BD0D-46EA-89D3-E020A2D2C229}.Debug|x86.Build.0 = Debug|Any CPU
		{3B66B0DB-BD0D-46EA-89D3-E020A2D2C229}.Release|Any CPU.ActiveCfg = Release|Any CPU
		{3B66B0DB-BD0D-46EA-89D3-E020A2D2C229}.Release|Any CPU.Build.0 = Release|Any CPU
		{3B66B0DB-BD0D-46EA-89D3-E020A2D2C229}.Release|x64.ActiveCfg = Release|Any CPU
		{3B66B0DB-BD0D-46EA-89D3-E020A2D2C229}.Release|x64.Build.0 = Release|Any CPU
		{3B66B0DB-BD0D-46EA-89D3-E020A2D2C229}.Release|x86.ActiveCfg = Release|Any CPU
		{3B66B0DB-BD0D-46EA-89D3-E020A2D2C229}.Release|x86.Build.0 = Release|Any CPU
		{6D2D195F-8D21-40FF-8843-311E7E1DB398}.Debug|Any CPU.ActiveCfg = Debug|Any CPU
		{6D2D195F-8D21-40FF-8843-311E7E1DB398}.Debug|Any CPU.Build.0 = Debug|Any CPU
		{6D2D195F-8D21-40FF-8843-311E7E1DB398}.Debug|x64.ActiveCfg = Debug|Any CPU
		{6D2D195F-8D21-40FF-8843-311E7E1DB398}.Debug|x64.Build.0 = Debug|Any CPU
		{6D2D195F-8D21-40FF-8843-311E7E1DB398}.Debug|x86.ActiveCfg = Debug|Any CPU
		{6D2D195F-8D21-40FF-8843-311E7E1DB398}.Debug|x86.Build.0 = Debug|Any CPU
		{6D2D195F-8D21-40FF-8843-311E7E1DB398}.Release|Any CPU.ActiveCfg = Release|Any CPU
		{6D2D195F-8D21-40FF-8843-311E7E1DB398}.Release|Any CPU.Build.0 = Release|Any CPU
		{6D2D195F-8D21-40FF-8843-311E7E1DB398}.Release|x64.ActiveCfg = Release|Any CPU
		{6D2D195F-8D21-40FF-8843-311E7E1DB398}.Release|x64.Build.0 = Release|Any CPU
		{6D2D195F-8D21-40FF-8843-311E7E1DB398}.Release|x86.ActiveCfg = Release|Any CPU
		{6D2D195F-8D21-40FF-8843-311E7E1DB398}.Release|x86.Build.0 = Release|Any CPU
		{5E612599-CAC4-424B-A5CB-F74AAAC3FAB6}.Debug|Any CPU.ActiveCfg = Debug|Any CPU
		{5E612599-CAC4-424B-A5CB-F74AAAC3FAB6}.Debug|Any CPU.Build.0 = Debug|Any CPU
		{5E612599-CAC4-424B-A5CB-F74AAAC3FAB6}.Debug|x64.ActiveCfg = Debug|Any CPU
		{5E612599-CAC4-424B-A5CB-F74AAAC3FAB6}.Debug|x64.Build.0 = Debug|Any CPU
		{5E612599-CAC4-424B-A5CB-F74AAAC3FAB6}.Debug|x86.ActiveCfg = Debug|Any CPU
		{5E612599-CAC4-424B-A5CB-F74AAAC3FAB6}.Debug|x86.Build.0 = Debug|Any CPU
		{5E612599-CAC4-424B-A5CB-F74AAAC3FAB6}.Release|Any CPU.ActiveCfg = Release|Any CPU
		{5E612599-CAC4-424B-A5CB-F74AAAC3FAB6}.Release|Any CPU.Build.0 = Release|Any CPU
		{5E612599-CAC4-424B-A5CB-F74AAAC3FAB6}.Release|x64.ActiveCfg = Release|Any CPU
		{5E612599-CAC4-424B-A5CB-F74AAAC3FAB6}.Release|x64.Build.0 = Release|Any CPU
		{5E612599-CAC4-424B-A5CB-F74AAAC3FAB6}.Release|x86.ActiveCfg = Release|Any CPU
		{5E612599-CAC4-424B-A5CB-F74AAAC3FAB6}.Release|x86.Build.0 = Release|Any CPU
		{D5535003-7B70-456F-961F-EAC9289727CB}.Debug|Any CPU.ActiveCfg = Debug|Any CPU
		{D5535003-7B70-456F-961F-EAC9289727CB}.Debug|Any CPU.Build.0 = Debug|Any CPU
		{D5535003-7B70-456F-961F-EAC9289727CB}.Debug|x64.ActiveCfg = Debug|Any CPU
		{D5535003-7B70-456F-961F-EAC9289727CB}.Debug|x64.Build.0 = Debug|Any CPU
		{D5535003-7B70-456F-961F-EAC9289727CB}.Debug|x86.ActiveCfg = Debug|Any CPU
		{D5535003-7B70-456F-961F-EAC9289727CB}.Debug|x86.Build.0 = Debug|Any CPU
		{D5535003-7B70-456F-961F-EAC9289727CB}.Release|Any CPU.ActiveCfg = Release|Any CPU
		{D5535003-7B70-456F-961F-EAC9289727CB}.Release|Any CPU.Build.0 = Release|Any CPU
		{D5535003-7B70-456F-961F-EAC9289727CB}.Release|x64.ActiveCfg = Release|Any CPU
		{D5535003-7B70-456F-961F-EAC9289727CB}.Release|x64.Build.0 = Release|Any CPU
		{D5535003-7B70-456F-961F-EAC9289727CB}.Release|x86.ActiveCfg = Release|Any CPU
		{D5535003-7B70-456F-961F-EAC9289727CB}.Release|x86.Build.0 = Release|Any CPU
	EndGlobalSection
	GlobalSection(SolutionProperties) = preSolution
		HideSolutionNode = FALSE
	EndGlobalSection
	GlobalSection(NestedProjects) = preSolution
		{99613FD0-C608-45B7-B138-CEBFB67F485C} = {827E0CD3-B72D-47B6-A68D-7590B98EB39B}
		{6C32FE2C-6246-40C5-A6B1-9D908AC6B91B} = {827E0CD3-B72D-47B6-A68D-7590B98EB39B}
		{5DA0C58B-D959-4877-BA46-A61CD63CB298} = {827E0CD3-B72D-47B6-A68D-7590B98EB39B}
		{952DC4A7-F0D2-495E-AC71-BB074BB35E58} = {827E0CD3-B72D-47B6-A68D-7590B98EB39B}
		{2882FBEE-E70F-4DEA-A408-1106D69289B8} = {827E0CD3-B72D-47B6-A68D-7590B98EB39B}
		{388218AC-8E77-4D0B-99BC-159FFB4788D1} = {827E0CD3-B72D-47B6-A68D-7590B98EB39B}
		{5B9096CE-8550-4B5C-B311-92414F65016D} = {827E0CD3-B72D-47B6-A68D-7590B98EB39B}
		{5D7599AD-7C27-46C0-9679-B56092D2478D} = {827E0CD3-B72D-47B6-A68D-7590B98EB39B}
		{272C146F-8680-496D-84B4-540FF3F9640C} = {827E0CD3-B72D-47B6-A68D-7590B98EB39B}
		{45C3D4A6-E3E8-440F-9E0B-CB50734EE9A6} = {827E0CD3-B72D-47B6-A68D-7590B98EB39B}
		{BE422925-3037-42C7-B0AA-19E180FFA614} = {827E0CD3-B72D-47B6-A68D-7590B98EB39B}
		{0EE1E519-56B8-465A-AB10-5402A2A264C5} = {827E0CD3-B72D-47B6-A68D-7590B98EB39B}
		{E274EC70-7AF6-45F0-A6D3-88348A4E33A3} = {827E0CD3-B72D-47B6-A68D-7590B98EB39B}
		{6C1AAAE5-5251-4839-9C16-BC597F0D626F} = {827E0CD3-B72D-47B6-A68D-7590B98EB39B}
		{D00AF210-53FC-4578-8761-409B1CBAF568} = {827E0CD3-B72D-47B6-A68D-7590B98EB39B}
		{F71EA73D-68EC-4C9E-8C6D-5DABDED43A4E} = {827E0CD3-B72D-47B6-A68D-7590B98EB39B}
		{23A4B24C-7823-426B-A23B-CB362B327E6C} = {827E0CD3-B72D-47B6-A68D-7590B98EB39B}
		{499E95FB-EE74-4B03-A059-C8ECC9786BAC} = {827E0CD3-B72D-47B6-A68D-7590B98EB39B}
		{0F9132D4-F259-458E-BD06-2CFDD7A02BDD} = {827E0CD3-B72D-47B6-A68D-7590B98EB39B}
		{C6B1D2A2-D825-4201-8B68-4B1AF8550DFB} = {827E0CD3-B72D-47B6-A68D-7590B98EB39B}
		{7E8F5F5E-3F1D-4D54-9D78-16ACE514E89C} = {827E0CD3-B72D-47B6-A68D-7590B98EB39B}
		{4CED1FDA-A4F0-4F85-B9F1-0875533CC404} = {827E0CD3-B72D-47B6-A68D-7590B98EB39B}
		{4891ADCB-19EF-4948-8D41-8CEBBB1A23F8} = {827E0CD3-B72D-47B6-A68D-7590B98EB39B}
		{8BF9BB9C-5390-4E60-B817-14F12D0A4B65} = {827E0CD3-B72D-47B6-A68D-7590B98EB39B}
		{3B66B0DB-BD0D-46EA-89D3-E020A2D2C229} = {827E0CD3-B72D-47B6-A68D-7590B98EB39B}
		{6D2D195F-8D21-40FF-8843-311E7E1DB398} = {827E0CD3-B72D-47B6-A68D-7590B98EB39B}
		{5E612599-CAC4-424B-A5CB-F74AAAC3FAB6} = {827E0CD3-B72D-47B6-A68D-7590B98EB39B}
		{D5535003-7B70-456F-961F-EAC9289727CB} = {827E0CD3-B72D-47B6-A68D-7590B98EB39B}
	EndGlobalSection
EndGlobal
