
Microsoft Visual Studio Solution File, Format Version 12.00
# Visual Studio Version 16
VisualStudioVersion = 16.0.30114.105
MinimumVisualStudioVersion = 10.0.40219.1
Project("{FAE04EC0-301F-11D3-BF4B-00C04F79EFBC}") = "Bobcat", "src\Bobcat\Bobcat.csproj", "{FD7C1E35-F63C-41C9-BE97-A0074FC8E3FE}"
EndProject
Project("{FAE04EC0-301F-11D3-BF4B-00C04F79EFBC}") = "Bobcat.Tests", "src\Bobcat.Tests\Bobcat.Tests.csproj", "{12F196D6-A9BC-4CD0-8755-9F55590AF6CB}"
EndProject
Project("{FAE04EC0-301F-11D3-BF4B-00C04F79EFBC}") = "ConsolePreview", "src\ConsolePreview\ConsolePreview.csproj", "{87280248-398A-4D19-AE9B-787FBE4EB4EE}"
EndProject
Project("{2150E333-8FDC-42A3-9474-1A3956D46DE8}") = "SolutionItems", "SolutionItems", "{F10D3735-265F-4A45-8D95-EBC409ADB7DB}"
	ProjectSection(SolutionItems) = preProject
		spec-driven-development-design.md = spec-driven-development-design.md
	EndProjectSection
EndProject
Project("{2150E333-8FDC-42A3-9474-1A3956D46DE8}") = "src", "src", "{827E0CD3-B72D-47B6-A68D-7590B98EB39B}"
EndProject
Project("{2150E333-8FDC-42A3-9474-1A3956D46DE8}") = "samples", "samples", "{A46A592A-6C62-43CA-BFD4-8415357987BA}"
EndProject
Project("{FAE04EC0-301F-11D3-BF4B-00C04F79EFBC}") = "CqrsMinimalApi", "samples\CqrsMinimalApi\CqrsMinimalApi.csproj", "{E52F3990-7155-4AC0-9B51-C68EFF6EA848}"
EndProject
Project("{FAE04EC0-301F-11D3-BF4B-00C04F79EFBC}") = "CleanArchitectureTodos", "samples\CleanArchitectureTodos\CleanArchitectureTodos.csproj", "{7FD3D2D2-6184-4A75-B5B0-1F7E803F4A79}"
EndProject
Project("{FAE04EC0-301F-11D3-BF4B-00C04F79EFBC}") = "BankAccountES", "samples\BankAccountES\BankAccountES.csproj", "{4D026C36-573B-4C28-9D85-56046553E64D}"
EndProject
Project("{FAE04EC0-301F-11D3-BF4B-00C04F79EFBC}") = "EcommerceMicroservices", "samples\EcommerceMicroservices\EcommerceMicroservices.csproj", "{17CB5586-FA40-4201-B442-0A38508E8DAB}"
EndProject
Project("{FAE04EC0-301F-11D3-BF4B-00C04F79EFBC}") = "OutboxDemo", "samples\OutboxDemo\OutboxDemo.csproj", "{E0516B33-6E6E-4320-8837-DFCD1684A599}"
EndProject
Project("{FAE04EC0-301F-11D3-BF4B-00C04F79EFBC}") = "MoreSpeakers", "samples\MoreSpeakers\MoreSpeakers.csproj", "{9E244D87-789D-4581-8658-7D447E42BE16}"
EndProject
Project("{FAE04EC0-301F-11D3-BF4B-00C04F79EFBC}") = "BookingMonolith", "samples\BookingMonolith\BookingMonolith.csproj", "{E3ED754F-75BD-4B21-B402-BE03BBE5F3D8}"
EndProject
Project("{FAE04EC0-301F-11D3-BF4B-00C04F79EFBC}") = "EcommerceModularMonolith", "samples\EcommerceModularMonolith\EcommerceModularMonolith.csproj", "{91DA5934-B536-4362-A439-E7785B7193C9}"
EndProject
Project("{FAE04EC0-301F-11D3-BF4B-00C04F79EFBC}") = "MeetingGroupMonolith", "samples\MeetingGroupMonolith\MeetingGroupMonolith.csproj", "{D6672F90-0BF2-4DD6-8446-16E5A65EA374}"
EndProject
Project("{FAE04EC0-301F-11D3-BF4B-00C04F79EFBC}") = "PaymentsMonolith", "samples\PaymentsMonolith\PaymentsMonolith.csproj", "{CA2B415A-DB0C-4556-B52F-AE79FB20F179}"
EndProject
Project("{FAE04EC0-301F-11D3-BF4B-00C04F79EFBC}") = "ProjectManagement", "samples\ProjectManagement\ProjectManagement.csproj", "{422A1C15-C46B-4420-A32A-CD96A23DA3DC}"
EndProject
Project("{FAE04EC0-301F-11D3-BF4B-00C04F79EFBC}") = "Bobcat.Generators", "src\Bobcat.Generators\Bobcat.Generators.csproj", "{99613FD0-C608-45B7-B138-CEBFB67F485C}"
EndProject
Project("{FAE04EC0-301F-11D3-BF4B-00C04F79EFBC}") = "Bobcat.Alba", "src\Bobcat.Alba\Bobcat.Alba.csproj", "{6C32FE2C-6246-40C5-A6B1-9D908AC6B91B}"
EndProject
Project("{FAE04EC0-301F-11D3-BF4B-00C04F79EFBC}") = "Bobcat.Alba.Tests", "src\Bobcat.Alba.Tests\Bobcat.Alba.Tests.csproj", "{5DA0C58B-D959-4877-BA46-A61CD63CB298}"
EndProject
Project("{FAE04EC0-301F-11D3-BF4B-00C04F79EFBC}") = "Bobcat.Wolverine", "src\Bobcat.Wolverine\Bobcat.Wolverine.csproj", "{952DC4A7-F0D2-495E-AC71-BB074BB35E58}"
EndProject
Project("{FAE04EC0-301F-11D3-BF4B-00C04F79EFBC}") = "Bobcat.Wolverine.Tests", "src\Bobcat.Wolverine.Tests\Bobcat.Wolverine.Tests.csproj", "{2882FBEE-E70F-4DEA-A408-1106D69289B8}"
EndProject
Global
	GlobalSection(SolutionConfigurationPlatforms) = preSolution
		Debug|Any CPU = Debug|Any CPU
		Debug|x64 = Debug|x64
		Debug|x86 = Debug|x86
		Release|Any CPU = Release|Any CPU
		Release|x64 = Release|x64
		Release|x86 = Release|x86
	EndGlobalSection
	GlobalSection(ProjectConfigurationPlatforms) = postSolution
		{FD7C1E35-F63C-41C9-BE97-A0074FC8E3FE}.Debug|Any CPU.ActiveCfg = Debug|Any CPU
		{FD7C1E35-F63C-41C9-BE97-A0074FC8E3FE}.Debug|Any CPU.Build.0 = Debug|Any CPU
		{FD7C1E35-F63C-41C9-BE97-A0074FC8E3FE}.Debug|x64.ActiveCfg = Debug|Any CPU
		{FD7C1E35-F63C-41C9-BE97-A0074FC8E3FE}.Debug|x64.Build.0 = Debug|Any CPU
		{FD7C1E35-F63C-41C9-BE97-A0074FC8E3FE}.Debug|x86.ActiveCfg = Debug|Any CPU
		{FD7C1E35-F63C-41C9-BE97-A0074FC8E3FE}.Debug|x86.Build.0 = Debug|Any CPU
		{FD7C1E35-F63C-41C9-BE97-A0074FC8E3FE}.Release|Any CPU.ActiveCfg = Release|Any CPU
		{FD7C1E35-F63C-41C9-BE97-A0074FC8E3FE}.Release|Any CPU.Build.0 = Release|Any CPU
		{FD7C1E35-F63C-41C9-BE97-A0074FC8E3FE}.Release|x64.ActiveCfg = Release|Any CPU
		{FD7C1E35-F63C-41C9-BE97-A0074FC8E3FE}.Release|x64.Build.0 = Release|Any CPU
		{FD7C1E35-F63C-41C9-BE97-A0074FC8E3FE}.Release|x86.ActiveCfg = Release|Any CPU
		{FD7C1E35-F63C-41C9-BE97-A0074FC8E3FE}.Release|x86.Build.0 = Release|Any CPU
		{12F196D6-A9BC-4CD0-8755-9F55590AF6CB}.Debug|Any CPU.ActiveCfg = Debug|Any CPU
		{12F196D6-A9BC-4CD0-8755-9F55590AF6CB}.Debug|Any CPU.Build.0 = Debug|Any CPU
		{12F196D6-A9BC-4CD0-8755-9F55590AF6CB}.Debug|x64.ActiveCfg = Debug|Any CPU
		{12F196D6-A9BC-4CD0-8755-9F55590AF6CB}.Debug|x64.Build.0 = Debug|Any CPU
		{12F196D6-A9BC-4CD0-8755-9F55590AF6CB}.Debug|x86.ActiveCfg = Debug|Any CPU
		{12F196D6-A9BC-4CD0-8755-9F55590AF6CB}.Debug|x86.Build.0 = Debug|Any CPU
		{12F196D6-A9BC-4CD0-8755-9F55590AF6CB}.Release|Any CPU.ActiveCfg = Release|Any CPU
		{12F196D6-A9BC-4CD0-8755-9F55590AF6CB}.Release|Any CPU.Build.0 = Release|Any CPU
		{12F196D6-A9BC-4CD0-8755-9F55590AF6CB}.Release|x64.ActiveCfg = Release|Any CPU
		{12F196D6-A9BC-4CD0-8755-9F55590AF6CB}.Release|x64.Build.0 = Release|Any CPU
		{12F196D6-A9BC-4CD0-8755-9F55590AF6CB}.Release|x86.ActiveCfg = Release|Any CPU
		{12F196D6-A9BC-4CD0-8755-9F55590AF6CB}.Release|x86.Build.0 = Release|Any CPU
		{87280248-398A-4D19-AE9B-787FBE4EB4EE}.Debug|Any CPU.ActiveCfg = Debug|Any CPU
		{87280248-398A-4D19-AE9B-787FBE4EB4EE}.Debug|Any CPU.Build.0 = Debug|Any CPU
		{87280248-398A-4D19-AE9B-787FBE4EB4EE}.Debug|x64.ActiveCfg = Debug|Any CPU
		{87280248-398A-4D19-AE9B-787FBE4EB4EE}.Debug|x64.Build.0 = Debug|Any CPU
		{87280248-398A-4D19-AE9B-787FBE4EB4EE}.Debug|x86.ActiveCfg = Debug|Any CPU
		{87280248-398A-4D19-AE9B-787FBE4EB4EE}.Debug|x86.Build.0 = Debug|Any CPU
		{87280248-398A-4D19-AE9B-787FBE4EB4EE}.Release|Any CPU.ActiveCfg = Release|Any CPU
		{87280248-398A-4D19-AE9B-787FBE4EB4EE}.Release|Any CPU.Build.0 = Release|Any CPU
		{87280248-398A-4D19-AE9B-787FBE4EB4EE}.Release|x64.ActiveCfg = Release|Any CPU
		{87280248-398A-4D19-AE9B-787FBE4EB4EE}.Release|x64.Build.0 = Release|Any CPU
		{87280248-398A-4D19-AE9B-787FBE4EB4EE}.Release|x86.ActiveCfg = Release|Any CPU
		{87280248-398A-4D19-AE9B-787FBE4EB4EE}.Release|x86.Build.0 = Release|Any CPU
		{99613FD0-C608-45B7-B138-CEBFB67F485C}.Debug|Any CPU.ActiveCfg = Debug|Any CPU
		{99613FD0-C608-45B7-B138-CEBFB67F485C}.Debug|Any CPU.Build.0 = Debug|Any CPU
		{99613FD0-C608-45B7-B138-CEBFB67F485C}.Debug|x64.ActiveCfg = Debug|Any CPU
		{99613FD0-C608-45B7-B138-CEBFB67F485C}.Debug|x64.Build.0 = Debug|Any CPU
		{99613FD0-C608-45B7-B138-CEBFB67F485C}.Debug|x86.ActiveCfg = Debug|Any CPU
		{99613FD0-C608-45B7-B138-CEBFB67F485C}.Debug|x86.Build.0 = Debug|Any CPU
		{99613FD0-C608-45B7-B138-CEBFB67F485C}.Release|Any CPU.ActiveCfg = Release|Any CPU
		{99613FD0-C608-45B7-B138-CEBFB67F485C}.Release|Any CPU.Build.0 = Release|Any CPU
		{99613FD0-C608-45B7-B138-CEBFB67F485C}.Release|x64.ActiveCfg = Release|Any CPU
		{99613FD0-C608-45B7-B138-CEBFB67F485C}.Release|x64.Build.0 = Release|Any CPU
		{99613FD0-C608-45B7-B138-CEBFB67F485C}.Release|x86.ActiveCfg = Release|Any CPU
		{99613FD0-C608-45B7-B138-CEBFB67F485C}.Release|x86.Build.0 = Release|Any CPU
		{6C32FE2C-6246-40C5-A6B1-9D908AC6B91B}.Debug|Any CPU.ActiveCfg = Debug|Any CPU
		{6C32FE2C-6246-40C5-A6B1-9D908AC6B91B}.Debug|Any CPU.Build.0 = Debug|Any CPU
		{6C32FE2C-6246-40C5-A6B1-9D908AC6B91B}.Debug|x64.ActiveCfg = Debug|Any CPU
		{6C32FE2C-6246-40C5-A6B1-9D908AC6B91B}.Debug|x64.Build.0 = Debug|Any CPU
		{6C32FE2C-6246-40C5-A6B1-9D908AC6B91B}.Debug|x86.ActiveCfg = Debug|Any CPU
		{6C32FE2C-6246-40C5-A6B1-9D908AC6B91B}.Debug|x86.Build.0 = Debug|Any CPU
		{6C32FE2C-6246-40C5-A6B1-9D908AC6B91B}.Release|Any CPU.ActiveCfg = Release|Any CPU
		{6C32FE2C-6246-40C5-A6B1-9D908AC6B91B}.Release|Any CPU.Build.0 = Release|Any CPU
		{6C32FE2C-6246-40C5-A6B1-9D908AC6B91B}.Release|x64.ActiveCfg = Release|Any CPU
		{6C32FE2C-6246-40C5-A6B1-9D908AC6B91B}.Release|x64.Build.0 = Release|Any CPU
		{6C32FE2C-6246-40C5-A6B1-9D908AC6B91B}.Release|x86.ActiveCfg = Release|Any CPU
		{6C32FE2C-6246-40C5-A6B1-9D908AC6B91B}.Release|x86.Build.0 = Release|Any CPU
		{5DA0C58B-D959-4877-BA46-A61CD63CB298}.Debug|Any CPU.ActiveCfg = Debug|Any CPU
		{5DA0C58B-D959-4877-BA46-A61CD63CB298}.Debug|Any CPU.Build.0 = Debug|Any CPU
		{5DA0C58B-D959-4877-BA46-A61CD63CB298}.Debug|x64.ActiveCfg = Debug|Any CPU
		{5DA0C58B-D959-4877-BA46-A61CD63CB298}.Debug|x64.Build.0 = Debug|Any CPU
		{5DA0C58B-D959-4877-BA46-A61CD63CB298}.Debug|x86.ActiveCfg = Debug|Any CPU
		{5DA0C58B-D959-4877-BA46-A61CD63CB298}.Debug|x86.Build.0 = Debug|Any CPU
		{5DA0C58B-D959-4877-BA46-A61CD63CB298}.Release|Any CPU.ActiveCfg = Release|Any CPU
		{5DA0C58B-D959-4877-BA46-A61CD63CB298}.Release|Any CPU.Build.0 = Release|Any CPU
		{5DA0C58B-D959-4877-BA46-A61CD63CB298}.Release|x64.ActiveCfg = Release|Any CPU
		{5DA0C58B-D959-4877-BA46-A61CD63CB298}.Release|x64.Build.0 = Release|Any CPU
		{5DA0C58B-D959-4877-BA46-A61CD63CB298}.Release|x86.ActiveCfg = Release|Any CPU
		{5DA0C58B-D959-4877-BA46-A61CD63CB298}.Release|x86.Build.0 = Release|Any CPU
		{952DC4A7-F0D2-495E-AC71-BB074BB35E58}.Debug|Any CPU.ActiveCfg = Debug|Any CPU
		{952DC4A7-F0D2-495E-AC71-BB074BB35E58}.Debug|Any CPU.Build.0 = Debug|Any CPU
		{952DC4A7-F0D2-495E-AC71-BB074BB35E58}.Debug|x64.ActiveCfg = Debug|Any CPU
		{952DC4A7-F0D2-495E-AC71-BB074BB35E58}.Debug|x64.Build.0 = Debug|Any CPU
		{952DC4A7-F0D2-495E-AC71-BB074BB35E58}.Debug|x86.ActiveCfg = Debug|Any CPU
		{952DC4A7-F0D2-495E-AC71-BB074BB35E58}.Debug|x86.Build.0 = Debug|Any CPU
		{952DC4A7-F0D2-495E-AC71-BB074BB35E58}.Release|Any CPU.ActiveCfg = Release|Any CPU
		{952DC4A7-F0D2-495E-AC71-BB074BB35E58}.Release|Any CPU.Build.0 = Release|Any CPU
		{952DC4A7-F0D2-495E-AC71-BB074BB35E58}.Release|x64.ActiveCfg = Release|Any CPU
		{952DC4A7-F0D2-495E-AC71-BB074BB35E58}.Release|x64.Build.0 = Release|Any CPU
		{952DC4A7-F0D2-495E-AC71-BB074BB35E58}.Release|x86.ActiveCfg = Release|Any CPU
		{952DC4A7-F0D2-495E-AC71-BB074BB35E58}.Release|x86.Build.0 = Release|Any CPU
		{2882FBEE-E70F-4DEA-A408-1106D69289B8}.Debug|Any CPU.ActiveCfg = Debug|Any CPU
		{2882FBEE-E70F-4DEA-A408-1106D69289B8}.Debug|Any CPU.Build.0 = Debug|Any CPU
		{2882FBEE-E70F-4DEA-A408-1106D69289B8}.Debug|x64.ActiveCfg = Debug|Any CPU
		{2882FBEE-E70F-4DEA-A408-1106D69289B8}.Debug|x64.Build.0 = Debug|Any CPU
		{2882FBEE-E70F-4DEA-A408-1106D69289B8}.Debug|x86.ActiveCfg = Debug|Any CPU
		{2882FBEE-E70F-4DEA-A408-1106D69289B8}.Debug|x86.Build.0 = Debug|Any CPU
		{2882FBEE-E70F-4DEA-A408-1106D69289B8}.Release|Any CPU.ActiveCfg = Release|Any CPU
		{2882FBEE-E70F-4DEA-A408-1106D69289B8}.Release|Any CPU.Build.0 = Release|Any CPU
		{2882FBEE-E70F-4DEA-A408-1106D69289B8}.Release|x64.ActiveCfg = Release|Any CPU
		{2882FBEE-E70F-4DEA-A408-1106D69289B8}.Release|x64.Build.0 = Release|Any CPU
		{2882FBEE-E70F-4DEA-A408-1106D69289B8}.Release|x86.ActiveCfg = Release|Any CPU
		{2882FBEE-E70F-4DEA-A408-1106D69289B8}.Release|x86.Build.0 = Release|Any CPU
		{E52F3990-7155-4AC0-9B51-C68EFF6EA848}.Debug|Any CPU.ActiveCfg = Debug|Any CPU
		{E52F3990-7155-4AC0-9B51-C68EFF6EA848}.Debug|Any CPU.Build.0 = Debug|Any CPU
		{E52F3990-7155-4AC0-9B51-C68EFF6EA848}.Release|Any CPU.ActiveCfg = Release|Any CPU
		{E52F3990-7155-4AC0-9B51-C68EFF6EA848}.Release|Any CPU.Build.0 = Release|Any CPU
		{7FD3D2D2-6184-4A75-B5B0-1F7E803F4A79}.Debug|Any CPU.ActiveCfg = Debug|Any CPU
		{7FD3D2D2-6184-4A75-B5B0-1F7E803F4A79}.Debug|Any CPU.Build.0 = Debug|Any CPU
		{7FD3D2D2-6184-4A75-B5B0-1F7E803F4A79}.Release|Any CPU.ActiveCfg = Release|Any CPU
		{7FD3D2D2-6184-4A75-B5B0-1F7E803F4A79}.Release|Any CPU.Build.0 = Release|Any CPU
		{4D026C36-573B-4C28-9D85-56046553E64D}.Debug|Any CPU.ActiveCfg = Debug|Any CPU
		{4D026C36-573B-4C28-9D85-56046553E64D}.Debug|Any CPU.Build.0 = Debug|Any CPU
		{4D026C36-573B-4C28-9D85-56046553E64D}.Release|Any CPU.ActiveCfg = Release|Any CPU
		{4D026C36-573B-4C28-9D85-56046553E64D}.Release|Any CPU.Build.0 = Release|Any CPU
		{17CB5586-FA40-4201-B442-0A38508E8DAB}.Debug|Any CPU.ActiveCfg = Debug|Any CPU
		{17CB5586-FA40-4201-B442-0A38508E8DAB}.Debug|Any CPU.Build.0 = Debug|Any CPU
		{17CB5586-FA40-4201-B442-0A38508E8DAB}.Release|Any CPU.ActiveCfg = Release|Any CPU
		{17CB5586-FA40-4201-B442-0A38508E8DAB}.Release|Any CPU.Build.0 = Release|Any CPU
		{E0516B33-6E6E-4320-8837-DFCD1684A599}.Debug|Any CPU.ActiveCfg = Debug|Any CPU
		{E0516B33-6E6E-4320-8837-DFCD1684A599}.Debug|Any CPU.Build.0 = Debug|Any CPU
		{E0516B33-6E6E-4320-8837-DFCD1684A599}.Release|Any CPU.ActiveCfg = Release|Any CPU
		{E0516B33-6E6E-4320-8837-DFCD1684A599}.Release|Any CPU.Build.0 = Release|Any CPU
		{9E244D87-789D-4581-8658-7D447E42BE16}.Debug|Any CPU.ActiveCfg = Debug|Any CPU
		{9E244D87-789D-4581-8658-7D447E42BE16}.Debug|Any CPU.Build.0 = Debug|Any CPU
		{9E244D87-789D-4581-8658-7D447E42BE16}.Release|Any CPU.ActiveCfg = Release|Any CPU
		{9E244D87-789D-4581-8658-7D447E42BE16}.Release|Any CPU.Build.0 = Release|Any CPU
		{E3ED754F-75BD-4B21-B402-BE03BBE5F3D8}.Debug|Any CPU.ActiveCfg = Debug|Any CPU
		{E3ED754F-75BD-4B21-B402-BE03BBE5F3D8}.Debug|Any CPU.Build.0 = Debug|Any CPU
		{E3ED754F-75BD-4B21-B402-BE03BBE5F3D8}.Release|Any CPU.ActiveCfg = Release|Any CPU
		{E3ED754F-75BD-4B21-B402-BE03BBE5F3D8}.Release|Any CPU.Build.0 = Release|Any CPU
		{91DA5934-B536-4362-A439-E7785B7193C9}.Debug|Any CPU.ActiveCfg = Debug|Any CPU
		{91DA5934-B536-4362-A439-E7785B7193C9}.Debug|Any CPU.Build.0 = Debug|Any CPU
		{91DA5934-B536-4362-A439-E7785B7193C9}.Release|Any CPU.ActiveCfg = Release|Any CPU
		{91DA5934-B536-4362-A439-E7785B7193C9}.Release|Any CPU.Build.0 = Release|Any CPU
		{D6672F90-0BF2-4DD6-8446-16E5A65EA374}.Debug|Any CPU.ActiveCfg = Debug|Any CPU
		{D6672F90-0BF2-4DD6-8446-16E5A65EA374}.Debug|Any CPU.Build.0 = Debug|Any CPU
		{D6672F90-0BF2-4DD6-8446-16E5A65EA374}.Release|Any CPU.ActiveCfg = Release|Any CPU
		{D6672F90-0BF2-4DD6-8446-16E5A65EA374}.Release|Any CPU.Build.0 = Release|Any CPU
		{CA2B415A-DB0C-4556-B52F-AE79FB20F179}.Debug|Any CPU.ActiveCfg = Debug|Any CPU
		{CA2B415A-DB0C-4556-B52F-AE79FB20F179}.Debug|Any CPU.Build.0 = Debug|Any CPU
		{CA2B415A-DB0C-4556-B52F-AE79FB20F179}.Release|Any CPU.ActiveCfg = Release|Any CPU
		{CA2B415A-DB0C-4556-B52F-AE79FB20F179}.Release|Any CPU.Build.0 = Release|Any CPU
		{422A1C15-C46B-4420-A32A-CD96A23DA3DC}.Debug|Any CPU.ActiveCfg = Debug|Any CPU
		{422A1C15-C46B-4420-A32A-CD96A23DA3DC}.Debug|Any CPU.Build.0 = Debug|Any CPU
		{422A1C15-C46B-4420-A32A-CD96A23DA3DC}.Release|Any CPU.ActiveCfg = Release|Any CPU
		{422A1C15-C46B-4420-A32A-CD96A23DA3DC}.Release|Any CPU.Build.0 = Release|Any CPU
	EndGlobalSection
	GlobalSection(SolutionProperties) = preSolution
		HideSolutionNode = FALSE
	EndGlobalSection
	GlobalSection(NestedProjects) = preSolution
		{99613FD0-C608-45B7-B138-CEBFB67F485C} = {827E0CD3-B72D-47B6-A68D-7590B98EB39B}
		{6C32FE2C-6246-40C5-A6B1-9D908AC6B91B} = {827E0CD3-B72D-47B6-A68D-7590B98EB39B}
		{5DA0C58B-D959-4877-BA46-A61CD63CB298} = {827E0CD3-B72D-47B6-A68D-7590B98EB39B}
		{952DC4A7-F0D2-495E-AC71-BB074BB35E58} = {827E0CD3-B72D-47B6-A68D-7590B98EB39B}
		{2882FBEE-E70F-4DEA-A408-1106D69289B8} = {827E0CD3-B72D-47B6-A68D-7590B98EB39B}
		{E52F3990-7155-4AC0-9B51-C68EFF6EA848} = {A46A592A-6C62-43CA-BFD4-8415357987BA}
		{7FD3D2D2-6184-4A75-B5B0-1F7E803F4A79} = {A46A592A-6C62-43CA-BFD4-8415357987BA}
		{4D026C36-573B-4C28-9D85-56046553E64D} = {A46A592A-6C62-43CA-BFD4-8415357987BA}
		{17CB5586-FA40-4201-B442-0A38508E8DAB} = {A46A592A-6C62-43CA-BFD4-8415357987BA}
		{E0516B33-6E6E-4320-8837-DFCD1684A599} = {A46A592A-6C62-43CA-BFD4-8415357987BA}
		{9E244D87-789D-4581-8658-7D447E42BE16} = {A46A592A-6C62-43CA-BFD4-8415357987BA}
		{E3ED754F-75BD-4B21-B402-BE03BBE5F3D8} = {A46A592A-6C62-43CA-BFD4-8415357987BA}
		{91DA5934-B536-4362-A439-E7785B7193C9} = {A46A592A-6C62-43CA-BFD4-8415357987BA}
		{D6672F90-0BF2-4DD6-8446-16E5A65EA374} = {A46A592A-6C62-43CA-BFD4-8415357987BA}
		{CA2B415A-DB0C-4556-B52F-AE79FB20F179} = {A46A592A-6C62-43CA-BFD4-8415357987BA}
		{422A1C15-C46B-4420-A32A-CD96A23DA3DC} = {A46A592A-6C62-43CA-BFD4-8415357987BA}
	EndGlobalSection
EndGlobal
